
Microsoft Visual Studio Solution File, Format Version 12.00
# Visual Studio 15
VisualStudioVersion = 15.0.27004.2006
MinimumVisualStudioVersion = 10.0.40219.1
Project("{FAE04EC0-301F-11D3-BF4B-00C04F79EFBC}") = "Mapie", "Mapie\Mapie.csproj", "{CC85F70F-3026-421E-ACAB-C8BA1B8B3FBF}"
EndProject
Global
	GlobalSection(SolutionConfigurationPlatforms) = preSolution
		Debug|Any CPU = Debug|Any CPU
		Release|Any CPU = Release|Any CPU
	EndGlobalSection
	GlobalSection(ProjectConfigurationPlatforms) = postSolution
		{CC85F70F-3026-421E-ACAB-C8BA1B8B3FBF}.Debug|Any CPU.ActiveCfg = Debug|Any CPU
		{CC85F70F-3026-421E-ACAB-C8BA1B8B3FBF}.Debug|Any CPU.Build.0 = Debug|Any CPU
		{CC85F70F-3026-421E-ACAB-C8BA1B8B3FBF}.Release|Any CPU.ActiveCfg = Release|Any CPU
		{CC85F70F-3026-421E-ACAB-C8BA1B8B3FBF}.Release|Any CPU.Build.0 = Release|Any CPU
	EndGlobalSection
	GlobalSection(SolutionProperties) = preSolution
		HideSolutionNode = FALSE
	EndGlobalSection
	GlobalSection(ExtensibilityGlobals) = postSolution
		SolutionGuid = {A90F8CF1-342E-409A-8CDB-932DEE9F45F6}
	EndGlobalSection
EndGlobal
